
Microsoft Visual Studio Solution File, Format Version 12.00
# Visual Studio Version 17
VisualStudioVersion = 17.2.32616.157
MinimumVisualStudioVersion = 10.0.40219.1
Project("{FAE04EC0-301F-11D3-BF4B-00C04F79EFBC}") = "SMTPhw", "SMTPhw\SMTPhw.csproj", "{A3B9A967-E611-473A-B4F3-BD0D64E12FBF}"
EndProject
Global
	GlobalSection(SolutionConfigurationPlatforms) = preSolution
		Debug|Any CPU = Debug|Any CPU
		Release|Any CPU = Release|Any CPU
	EndGlobalSection
	GlobalSection(ProjectConfigurationPlatforms) = postSolution
		{A3B9A967-E611-473A-B4F3-BD0D64E12FBF}.Debug|Any CPU.ActiveCfg = Debug|Any CPU
		{A3B9A967-E611-473A-B4F3-BD0D64E12FBF}.Debug|Any CPU.Build.0 = Debug|Any CPU
		{A3B9A967-E611-473A-B4F3-BD0D64E12FBF}.Release|Any CPU.ActiveCfg = Release|Any CPU
		{A3B9A967-E611-473A-B4F3-BD0D64E12FBF}.Release|Any CPU.Build.0 = Release|Any CPU
	EndGlobalSection
	GlobalSection(SolutionProperties) = preSolution
		HideSolutionNode = FALSE
	EndGlobalSection
	GlobalSection(ExtensibilityGlobals) = postSolution
		SolutionGuid = {84A256D7-0749-43DA-9A79-5F5D51B4E6C5}
	EndGlobalSection
EndGlobal
