
Microsoft Visual Studio Solution File, Format Version 12.00
# Visual Studio Version 17
VisualStudioVersion = 17.2.32616.157
MinimumVisualStudioVersion = 10.0.40219.1
Project("{FAE04EC0-301F-11D3-BF4B-00C04F79EFBC}") = "ServerBroadCast", "ServerBroadCast\ServerBroadCast.csproj", "{CE84B408-A3A3-46FF-AE0C-577FCD0936E0}"
EndProject
Global
	GlobalSection(SolutionConfigurationPlatforms) = preSolution
		Debug|Any CPU = Debug|Any CPU
		Release|Any CPU = Release|Any CPU
	EndGlobalSection
	GlobalSection(ProjectConfigurationPlatforms) = postSolution
		{CE84B408-A3A3-46FF-AE0C-577FCD0936E0}.Debug|Any CPU.ActiveCfg = Debug|Any CPU
		{CE84B408-A3A3-46FF-AE0C-577FCD0936E0}.Debug|Any CPU.Build.0 = Debug|Any CPU
		{CE84B408-A3A3-46FF-AE0C-577FCD0936E0}.Release|Any CPU.ActiveCfg = Release|Any CPU
		{CE84B408-A3A3-46FF-AE0C-577FCD0936E0}.Release|Any CPU.Build.0 = Release|Any CPU
	EndGlobalSection
	GlobalSection(SolutionProperties) = preSolution
		HideSolutionNode = FALSE
	EndGlobalSection
	GlobalSection(ExtensibilityGlobals) = postSolution
		SolutionGuid = {DBCDC67D-0C02-4D73-9962-D3798C373F39}
	EndGlobalSection
EndGlobal
