
Microsoft Visual Studio Solution File, Format Version 12.00
# Visual Studio Version 17
VisualStudioVersion = 17.2.32616.157
MinimumVisualStudioVersion = 10.0.40219.1
Project("{FAE04EC0-301F-11D3-BF4B-00C04F79EFBC}") = "Launcher", "Launcher\Launcher.csproj", "{31CB7340-6563-4C94-88B0-57233F732F85}"
EndProject
Global
	GlobalSection(SolutionConfigurationPlatforms) = preSolution
		Debug|Any CPU = Debug|Any CPU
		Release|Any CPU = Release|Any CPU
	EndGlobalSection
	GlobalSection(ProjectConfigurationPlatforms) = postSolution
		{31CB7340-6563-4C94-88B0-57233F732F85}.Debug|Any CPU.ActiveCfg = Debug|Any CPU
		{31CB7340-6563-4C94-88B0-57233F732F85}.Debug|Any CPU.Build.0 = Debug|Any CPU
		{31CB7340-6563-4C94-88B0-57233F732F85}.Release|Any CPU.ActiveCfg = Release|Any CPU
		{31CB7340-6563-4C94-88B0-57233F732F85}.Release|Any CPU.Build.0 = Release|Any CPU
	EndGlobalSection
	GlobalSection(SolutionProperties) = preSolution
		HideSolutionNode = FALSE
	EndGlobalSection
	GlobalSection(ExtensibilityGlobals) = postSolution
		SolutionGuid = {3A3FA862-7E3C-4B43-8545-EBD48A50F304}
	EndGlobalSection
EndGlobal
