
Microsoft Visual Studio Solution File, Format Version 12.00
# Visual Studio Version 17
VisualStudioVersion = 17.2.32616.157
MinimumVisualStudioVersion = 10.0.40219.1
Project("{FAE04EC0-301F-11D3-BF4B-00C04F79EFBC}") = "Console Client_MyTelegraam", "Console Client_MyTelegraam\Console Client_MyTelegraam.csproj", "{3F28EC50-3EAE-4155-A96E-D69E4D61A581}"
EndProject
Global
	GlobalSection(SolutionConfigurationPlatforms) = preSolution
		Debug|Any CPU = Debug|Any CPU
		Release|Any CPU = Release|Any CPU
	EndGlobalSection
	GlobalSection(ProjectConfigurationPlatforms) = postSolution
		{3F28EC50-3EAE-4155-A96E-D69E4D61A581}.Debug|Any CPU.ActiveCfg = Debug|Any CPU
		{3F28EC50-3EAE-4155-A96E-D69E4D61A581}.Debug|Any CPU.Build.0 = Debug|Any CPU
		{3F28EC50-3EAE-4155-A96E-D69E4D61A581}.Release|Any CPU.ActiveCfg = Release|Any CPU
		{3F28EC50-3EAE-4155-A96E-D69E4D61A581}.Release|Any CPU.Build.0 = Release|Any CPU
	EndGlobalSection
	GlobalSection(SolutionProperties) = preSolution
		HideSolutionNode = FALSE
	EndGlobalSection
	GlobalSection(ExtensibilityGlobals) = postSolution
		SolutionGuid = {08CE16A4-3417-4D0D-B722-EC688B6C0F0D}
	EndGlobalSection
EndGlobal
